
Microsoft Visual Studio Solution File, Format Version 12.00
# Visual Studio 15
VisualStudioVersion = 15.0.27130.2026
MinimumVisualStudioVersion = 10.0.40219.1
Project("{FAE04EC0-301F-11D3-BF4B-00C04F79EFBC}") = "Lab1", "Lab1\Lab1.csproj", "{37BF5926-CE5C-4C05-82FF-3E2B504A9AE7}"
EndProject
Global
	GlobalSection(SolutionConfigurationPlatforms) = preSolution
		Debug|Any CPU = Debug|Any CPU
		Release|Any CPU = Release|Any CPU
	EndGlobalSection
	GlobalSection(ProjectConfigurationPlatforms) = postSolution
		{37BF5926-CE5C-4C05-82FF-3E2B504A9AE7}.Debug|Any CPU.ActiveCfg = Debug|Any CPU
		{37BF5926-CE5C-4C05-82FF-3E2B504A9AE7}.Debug|Any CPU.Build.0 = Debug|Any CPU
		{37BF5926-CE5C-4C05-82FF-3E2B504A9AE7}.Release|Any CPU.ActiveCfg = Release|Any CPU
		{37BF5926-CE5C-4C05-82FF-3E2B504A9AE7}.Release|Any CPU.Build.0 = Release|Any CPU
	EndGlobalSection
	GlobalSection(SolutionProperties) = preSolution
		HideSolutionNode = FALSE
	EndGlobalSection
	GlobalSection(ExtensibilityGlobals) = postSolution
		SolutionGuid = {7647104F-2BCC-488C-A437-3B23A050E3D0}
	EndGlobalSection
EndGlobal
